
Microsoft Visual Studio Solution File, Format Version 12.00
# Visual Studio Version 17
VisualStudioVersion = 17.9.34728.123
MinimumVisualStudioVersion = 10.0.40219.1
Project("{FAE04EC0-301F-11D3-BF4B-00C04F79EFBC}") = "exe03", "exe03\exe03.csproj", "{339DD39E-FB45-48CC-B8B7-7EB7F63C20D9}"
EndProject
Global
	GlobalSection(SolutionConfigurationPlatforms) = preSolution
		Debug|Any CPU = Debug|Any CPU
		Release|Any CPU = Release|Any CPU
	EndGlobalSection
	GlobalSection(ProjectConfigurationPlatforms) = postSolution
		{339DD39E-FB45-48CC-B8B7-7EB7F63C20D9}.Debug|Any CPU.ActiveCfg = Debug|Any CPU
		{339DD39E-FB45-48CC-B8B7-7EB7F63C20D9}.Debug|Any CPU.Build.0 = Debug|Any CPU
		{339DD39E-FB45-48CC-B8B7-7EB7F63C20D9}.Release|Any CPU.ActiveCfg = Release|Any CPU
		{339DD39E-FB45-48CC-B8B7-7EB7F63C20D9}.Release|Any CPU.Build.0 = Release|Any CPU
	EndGlobalSection
	GlobalSection(SolutionProperties) = preSolution
		HideSolutionNode = FALSE
	EndGlobalSection
	GlobalSection(ExtensibilityGlobals) = postSolution
		SolutionGuid = {29144B9D-58E1-4A60-9EB9-5C74433F881F}
	EndGlobalSection
EndGlobal
